
Microsoft Visual Studio Solution File, Format Version 12.00
# Visual Studio Version 17
VisualStudioVersion = 17.2.32616.157
MinimumVisualStudioVersion = 10.0.40219.1
Project("{FAE04EC0-301F-11D3-BF4B-00C04F79EFBC}") = "BrazChatServer", "BrazChat\BrazChatServer.csproj", "{4C021E19-57F4-490E-ADE7-13064329DE7D}"
EndProject
Project("{FAE04EC0-301F-11D3-BF4B-00C04F79EFBC}") = "BrazChatClient", "BrazChatClient\BrazChatClient.csproj", "{B21A1847-29C5-4AD2-BE79-ADBA5FA89578}"
EndProject
Global
	GlobalSection(SolutionConfigurationPlatforms) = preSolution
		Debug|Any CPU = Debug|Any CPU
		Release|Any CPU = Release|Any CPU
	EndGlobalSection
	GlobalSection(ProjectConfigurationPlatforms) = postSolution
		{4C021E19-57F4-490E-ADE7-13064329DE7D}.Debug|Any CPU.ActiveCfg = Debug|Any CPU
		{4C021E19-57F4-490E-ADE7-13064329DE7D}.Debug|Any CPU.Build.0 = Debug|Any CPU
		{4C021E19-57F4-490E-ADE7-13064329DE7D}.Release|Any CPU.ActiveCfg = Release|Any CPU
		{4C021E19-57F4-490E-ADE7-13064329DE7D}.Release|Any CPU.Build.0 = Release|Any CPU
		{B21A1847-29C5-4AD2-BE79-ADBA5FA89578}.Debug|Any CPU.ActiveCfg = Debug|Any CPU
		{B21A1847-29C5-4AD2-BE79-ADBA5FA89578}.Debug|Any CPU.Build.0 = Debug|Any CPU
		{B21A1847-29C5-4AD2-BE79-ADBA5FA89578}.Release|Any CPU.ActiveCfg = Release|Any CPU
		{B21A1847-29C5-4AD2-BE79-ADBA5FA89578}.Release|Any CPU.Build.0 = Release|Any CPU
	EndGlobalSection
	GlobalSection(SolutionProperties) = preSolution
		HideSolutionNode = FALSE
	EndGlobalSection
	GlobalSection(ExtensibilityGlobals) = postSolution
		SolutionGuid = {0FB81DD0-9A62-4AEA-A1B1-B165821EB7BA}
	EndGlobalSection
EndGlobal
